
Microsoft Visual Studio Solution File, Format Version 12.00
# Visual Studio Version 17
VisualStudioVersion = 17.6.33723.286
MinimumVisualStudioVersion = 10.0.40219.1
Project("{FAE04EC0-301F-11D3-BF4B-00C04F79EFBC}") = "Repaso", "Repaso\Repaso.csproj", "{35BDB8D8-A343-4BD2-A013-DFEE0595012C}"
EndProject
Project("{FAE04EC0-301F-11D3-BF4B-00C04F79EFBC}") = "Crud", "Crud\Crud.csproj", "{4A0079E2-DBFB-4DA5-87AA-EF2AA2BD1BB1}"
EndProject
Project("{FAE04EC0-301F-11D3-BF4B-00C04F79EFBC}") = "Crudwpf", "Crudwpf\Crudwpf.csproj", "{53BF69B2-12F4-4778-B50B-40F8A9FDCD78}"
EndProject
Project("{FAE04EC0-301F-11D3-BF4B-00C04F79EFBC}") = "Test.Model", "Test.Model\Test.Model.csproj", "{8A2A8730-F2CF-4C26-A311-CD6A458DFC74}"
EndProject
Project("{FAE04EC0-301F-11D3-BF4B-00C04F79EFBC}") = "Test.ViewModel", "Test.ViewModel\Test.ViewModel.csproj", "{BD1C0674-15B5-4E04-AE8D-A1CD35CAB354}"
EndProject
Project("{FAE04EC0-301F-11D3-BF4B-00C04F79EFBC}") = "Test.View", "Test.View\Test.View.csproj", "{0E40031F-FFFA-4C39-877C-70A418842074}"
EndProject
Global
	GlobalSection(SolutionConfigurationPlatforms) = preSolution
		Debug|Any CPU = Debug|Any CPU
		Release|Any CPU = Release|Any CPU
	EndGlobalSection
	GlobalSection(ProjectConfigurationPlatforms) = postSolution
		{35BDB8D8-A343-4BD2-A013-DFEE0595012C}.Debug|Any CPU.ActiveCfg = Debug|Any CPU
		{35BDB8D8-A343-4BD2-A013-DFEE0595012C}.Debug|Any CPU.Build.0 = Debug|Any CPU
		{35BDB8D8-A343-4BD2-A013-DFEE0595012C}.Release|Any CPU.ActiveCfg = Release|Any CPU
		{35BDB8D8-A343-4BD2-A013-DFEE0595012C}.Release|Any CPU.Build.0 = Release|Any CPU
		{4A0079E2-DBFB-4DA5-87AA-EF2AA2BD1BB1}.Debug|Any CPU.ActiveCfg = Debug|Any CPU
		{4A0079E2-DBFB-4DA5-87AA-EF2AA2BD1BB1}.Debug|Any CPU.Build.0 = Debug|Any CPU
		{4A0079E2-DBFB-4DA5-87AA-EF2AA2BD1BB1}.Release|Any CPU.ActiveCfg = Release|Any CPU
		{4A0079E2-DBFB-4DA5-87AA-EF2AA2BD1BB1}.Release|Any CPU.Build.0 = Release|Any CPU
		{53BF69B2-12F4-4778-B50B-40F8A9FDCD78}.Debug|Any CPU.ActiveCfg = Debug|Any CPU
		{53BF69B2-12F4-4778-B50B-40F8A9FDCD78}.Debug|Any CPU.Build.0 = Debug|Any CPU
		{53BF69B2-12F4-4778-B50B-40F8A9FDCD78}.Release|Any CPU.ActiveCfg = Release|Any CPU
		{53BF69B2-12F4-4778-B50B-40F8A9FDCD78}.Release|Any CPU.Build.0 = Release|Any CPU
		{8A2A8730-F2CF-4C26-A311-CD6A458DFC74}.Debug|Any CPU.ActiveCfg = Debug|Any CPU
		{8A2A8730-F2CF-4C26-A311-CD6A458DFC74}.Debug|Any CPU.Build.0 = Debug|Any CPU
		{8A2A8730-F2CF-4C26-A311-CD6A458DFC74}.Release|Any CPU.ActiveCfg = Release|Any CPU
		{8A2A8730-F2CF-4C26-A311-CD6A458DFC74}.Release|Any CPU.Build.0 = Release|Any CPU
		{BD1C0674-15B5-4E04-AE8D-A1CD35CAB354}.Debug|Any CPU.ActiveCfg = Debug|Any CPU
		{BD1C0674-15B5-4E04-AE8D-A1CD35CAB354}.Debug|Any CPU.Build.0 = Debug|Any CPU
		{BD1C0674-15B5-4E04-AE8D-A1CD35CAB354}.Release|Any CPU.ActiveCfg = Release|Any CPU
		{BD1C0674-15B5-4E04-AE8D-A1CD35CAB354}.Release|Any CPU.Build.0 = Release|Any CPU
		{0E40031F-FFFA-4C39-877C-70A418842074}.Debug|Any CPU.ActiveCfg = Debug|Any CPU
		{0E40031F-FFFA-4C39-877C-70A418842074}.Debug|Any CPU.Build.0 = Debug|Any CPU
		{0E40031F-FFFA-4C39-877C-70A418842074}.Release|Any CPU.ActiveCfg = Release|Any CPU
		{0E40031F-FFFA-4C39-877C-70A418842074}.Release|Any CPU.Build.0 = Release|Any CPU
	EndGlobalSection
	GlobalSection(SolutionProperties) = preSolution
		HideSolutionNode = FALSE
	EndGlobalSection
	GlobalSection(ExtensibilityGlobals) = postSolution
		SolutionGuid = {1891E845-73D0-41F0-95CC-D753823F49C4}
	EndGlobalSection
EndGlobal
